{
  "name": "mip-component-validator",
  "version": "1.0.4",
  "lockfileVersion": 1,
  "requires": true,
  "dependencies": {
    "@types/node": {
      "version": "10.3.2",
      "resolved": "https://registry.npmjs.org/@types/node/-/node-10.3.2.tgz",
      "integrity": "sha512-9NfEUDp3tgRhmoxzTpTo+lq+KIVFxZahuRX0LHF/9IzKHaWuoWsIrrJ61zw5cnnlGINX8lqJzXYfQTOICS5Q+A=="
    },
    "commander": {
      "version": "2.15.1",
      "resolved": "https://registry.npmjs.org/commander/-/commander-2.15.1.tgz",
      "integrity": "sha512-VlfT9F3V0v+jr4yxPc5gg9s62/fIVWsd2Bk2iD435um1NlGMYdVCq+MjcXnhYq2icNOizHr1kK+5TI6H0Hy0ag=="
    },
    "de-indent": {
      "version": "1.0.2",
      "resolved": "https://registry.npmjs.org/de-indent/-/de-indent-1.0.2.tgz",
      "integrity": "sha1-sgOOhG3DO6pXlhKNCAS0VbjB4h0="
    },
    "esprima": {
      "version": "4.0.0",
      "resolved": "https://registry.npmjs.org/esprima/-/esprima-4.0.0.tgz",
      "integrity": "sha512-oftTcaMu/EGrEIu904mWteKIv8vMuOgGYo7EhVJJN00R/EED9DCua/xxHRdYnKtcECzVg7xOWhflvJMnqcFZjw=="
    },
    "estraverse": {
      "version": "4.2.0",
      "resolved": "https://registry.npmjs.org/estraverse/-/estraverse-4.2.0.tgz",
      "integrity": "sha1-De4/7TH81GlhjOc0IJn8GvoL2xM="
    },
    "esutils": {
      "version": "2.0.2",
      "resolved": "https://registry.npmjs.org/esutils/-/esutils-2.0.2.tgz",
      "integrity": "sha1-Cr9PHKpbyx96nYrMbepPqqBLrJs="
    },
    "he": {
      "version": "1.1.1",
      "resolved": "https://registry.npmjs.org/he/-/he-1.1.1.tgz",
      "integrity": "sha1-k0EP0hsAlzUVH4howvJx80J+I/0="
    },
    "jschardet": {
      "version": "1.6.0",
      "resolved": "https://registry.npmjs.org/jschardet/-/jschardet-1.6.0.tgz",
      "integrity": "sha512-xYuhvQ7I9PDJIGBWev9xm0+SMSed3ZDBAmvVjbFR1ZRLAF+vlXcQu6cRI9uAlj81rzikElRVteehwV7DuX2ZmQ=="
    },
    "lodash": {
      "version": "4.17.10",
      "resolved": "https://registry.npmjs.org/lodash/-/lodash-4.17.10.tgz",
      "integrity": "sha512-UejweD1pDoXu+AD825lWwp4ZGtSwgnpZxb3JDViD7StjQz+Nb/6l093lx4OQ0foGWNRoc19mWy7BzL+UAK2iVg=="
    },
    "mip-sandbox": {
      "version": "1.0.5",
      "resolved": "https://registry.npmjs.org/mip-sandbox/-/mip-sandbox-1.0.5.tgz",
      "integrity": "sha512-2QvHo2kJUBZZzThQodJc9vO6Z7M95nG8jNQgJ0P5SgF8NhKhRpcCK20dN8vU1tzLPh8XRY7tULl3vI+eN6TNpA==",
      "requires": {
        "esprima": "^4.0.0",
        "estraverse": "^4.2.0",
        "esutils": "^2.0.2",
        "source-map": "~0.6.1"
      }
    },
    "mip-validator": {
      "version": "1.5.15",
      "resolved": "https://registry.npmjs.org/mip-validator/-/mip-validator-1.5.15.tgz",
      "integrity": "sha512-MItVjaaLNdv4gDMHYvPcoY7k2w1p4BqhjYNBopvrSOU3RTY1onmkY5/Cc/OGYdBuE48MeCxiPISChQ3F53PfUQ==",
      "requires": {
        "commander": "^2.9.0",
        "jschardet": "^1.4.1",
        "lodash": "^4.17.2",
        "parse5": "^3.0.1"
      }
    },
    "parse5": {
      "version": "3.0.3",
      "resolved": "https://registry.npmjs.org/parse5/-/parse5-3.0.3.tgz",
      "integrity": "sha512-rgO9Zg5LLLkfJF9E6CCmXlSE4UVceloys8JrFqCcHloC3usd/kJCyPDwH2SOlzix2j3xaP9sUX3e8+kvkuleAA==",
      "requires": {
        "@types/node": "*"
      }
    },
    "source-map": {
      "version": "0.6.1",
      "resolved": "https://registry.npmjs.org/source-map/-/source-map-0.6.1.tgz",
      "integrity": "sha512-UjgapumWlbMhkBgzT7Ykc5YXUT46F0iKu8SGXq0bcwP5dz/h0Plj6enJqjz1Zbq2l5WaqYnrVbwWOWMyF3F47g=="
    },
    "vue-template-compiler": {
      "version": "2.5.16",
      "resolved": "https://registry.npmjs.org/vue-template-compiler/-/vue-template-compiler-2.5.16.tgz",
      "integrity": "sha512-ZbuhCcF/hTYmldoUOVcu2fcbeSAZnfzwDskGduOrnjBiIWHgELAd+R8nAtX80aZkceWDKGQ6N9/0/EUpt+l22A==",
      "requires": {
        "de-indent": "^1.0.2",
        "he": "^1.1.0"
      }
    }
  }
}
