{
  "name": "mip-cli-utils",
  "version": "0.0.1",
  "lockfileVersion": 1,
  "requires": true,
  "dependencies": {
    "@types/tapable": {
      "version": "1.0.4",
      "resolved": "https://registry.npm.taobao.org/@types/tapable/download/@types/tapable-1.0.4.tgz",
      "integrity": "sha1-tP/H3Je0mMlps2CkHu4kf4JhY3A=",
      "dev": true
    },
    "@typescript-eslint/eslint-plugin": {
      "version": "1.9.0",
      "resolved": "https://registry.npm.taobao.org/@typescript-eslint/eslint-plugin/download/@typescript-eslint/eslint-plugin-1.9.0.tgz",
      "integrity": "sha1-KdcwBoEb8lY7iIkc7v8cXqnI2cY=",
      "dev": true,
      "requires": {
        "@typescript-eslint/experimental-utils": "1.9.0",
        "@typescript-eslint/parser": "1.9.0",
        "eslint-utils": "^1.3.1",
        "functional-red-black-tree": "^1.0.1",
        "regexpp": "^2.0.1",
        "requireindex": "^1.2.0",
        "tsutils": "^3.7.0"
      }
    },
    "@typescript-eslint/experimental-utils": {
      "version": "1.9.0",
      "resolved": "https://registry.npm.taobao.org/@typescript-eslint/experimental-utils/download/@typescript-eslint/experimental-utils-1.9.0.tgz",
      "integrity": "sha1-qSd30Mkte8hier182wbNvK8rOeg=",
      "dev": true,
      "requires": {
        "@typescript-eslint/typescript-estree": "1.9.0"
      }
    },
    "@typescript-eslint/parser": {
      "version": "1.9.0",
      "resolved": "https://registry.npm.taobao.org/@typescript-eslint/parser/download/@typescript-eslint/parser-1.9.0.tgz",
      "integrity": "sha1-V5bL/LmjpXV662ccGsiNepSpWWI=",
      "dev": true,
      "requires": {
        "@typescript-eslint/experimental-utils": "1.9.0",
        "@typescript-eslint/typescript-estree": "1.9.0",
        "eslint-scope": "^4.0.0",
        "eslint-visitor-keys": "^1.0.0"
      }
    },
    "@typescript-eslint/typescript-estree": {
      "version": "1.9.0",
      "resolved": "https://registry.npm.taobao.org/@typescript-eslint/typescript-estree/download/@typescript-eslint/typescript-estree-1.9.0.tgz",
      "integrity": "sha1-XW1JvpNulvsPhZZzSA+JsHCl3Zs=",
      "dev": true,
      "requires": {
        "lodash.unescape": "4.0.1",
        "semver": "5.5.0"
      }
    },
    "array-includes": {
      "version": "3.0.3",
      "resolved": "http://registry.npm.taobao.org/array-includes/download/array-includes-3.0.3.tgz",
      "integrity": "sha1-GEtI9i2S10UrsxsyMWXH+L0CJm0=",
      "dev": true,
      "requires": {
        "define-properties": "^1.1.2",
        "es-abstract": "^1.7.0"
      }
    },
    "balanced-match": {
      "version": "1.0.0",
      "resolved": "http://registry.npm.taobao.org/balanced-match/download/balanced-match-1.0.0.tgz",
      "integrity": "sha1-ibTRmasr7kneFk6gK4nORi1xt2c=",
      "dev": true
    },
    "brace-expansion": {
      "version": "1.1.11",
      "resolved": "http://registry.npm.taobao.org/brace-expansion/download/brace-expansion-1.1.11.tgz",
      "integrity": "sha1-PH/L9SnYcibz0vUrlm/1Jx60Qd0=",
      "dev": true,
      "requires": {
        "balanced-match": "^1.0.0",
        "concat-map": "0.0.1"
      }
    },
    "commander": {
      "version": "2.20.0",
      "resolved": "http://registry.npm.taobao.org/commander/download/commander-2.20.0.tgz",
      "integrity": "sha1-1YuytcHuj4ew00ACfp6U4iLFpCI=",
      "dev": true
    },
    "concat-map": {
      "version": "0.0.1",
      "resolved": "http://registry.npm.taobao.org/concat-map/download/concat-map-0.0.1.tgz",
      "integrity": "sha1-2Klr13/Wjfd5OnMDajug1UBdR3s=",
      "dev": true
    },
    "contains-path": {
      "version": "0.1.0",
      "resolved": "http://registry.npm.taobao.org/contains-path/download/contains-path-0.1.0.tgz",
      "integrity": "sha1-/ozxhP9mcLa67wGp1IYaXL7EEgo=",
      "dev": true
    },
    "debug": {
      "version": "2.6.9",
      "resolved": "http://registry.npm.taobao.org/debug/download/debug-2.6.9.tgz",
      "integrity": "sha1-XRKFFd8TT/Mn6QpMk/Tgd6U2NB8=",
      "dev": true,
      "requires": {
        "ms": "2.0.0"
      }
    },
    "define-properties": {
      "version": "1.1.3",
      "resolved": "http://registry.npm.taobao.org/define-properties/download/define-properties-1.1.3.tgz",
      "integrity": "sha1-z4jabL7ib+bbcJT2HYcMvYTO6fE=",
      "dev": true,
      "requires": {
        "object-keys": "^1.0.12"
      }
    },
    "doctrine": {
      "version": "1.5.0",
      "resolved": "http://registry.npm.taobao.org/doctrine/download/doctrine-1.5.0.tgz",
      "integrity": "sha1-N53Ocw9hZvds76TmcHoVmwLFpvo=",
      "dev": true,
      "requires": {
        "esutils": "^2.0.2",
        "isarray": "^1.0.0"
      }
    },
    "error-ex": {
      "version": "1.3.2",
      "resolved": "http://registry.npm.taobao.org/error-ex/download/error-ex-1.3.2.tgz",
      "integrity": "sha1-tKxAZIEH/c3PriQvQovqihTU8b8=",
      "dev": true,
      "requires": {
        "is-arrayish": "^0.2.1"
      }
    },
    "es-abstract": {
      "version": "1.13.0",
      "resolved": "http://registry.npm.taobao.org/es-abstract/download/es-abstract-1.13.0.tgz",
      "integrity": "sha1-rIYUX91QmdjdSVWMy6Lq+biOJOk=",
      "dev": true,
      "requires": {
        "es-to-primitive": "^1.2.0",
        "function-bind": "^1.1.1",
        "has": "^1.0.3",
        "is-callable": "^1.1.4",
        "is-regex": "^1.0.4",
        "object-keys": "^1.0.12"
      }
    },
    "es-to-primitive": {
      "version": "1.2.0",
      "resolved": "http://registry.npm.taobao.org/es-to-primitive/download/es-to-primitive-1.2.0.tgz",
      "integrity": "sha1-7fckeAM0VujdqO8J4ArZZQcH83c=",
      "dev": true,
      "requires": {
        "is-callable": "^1.1.4",
        "is-date-object": "^1.0.1",
        "is-symbol": "^1.0.2"
      }
    },
    "eslint-config-standard": {
      "version": "12.0.0",
      "resolved": "http://registry.npm.taobao.org/eslint-config-standard/download/eslint-config-standard-12.0.0.tgz",
      "integrity": "sha1-Y4tMZdsL1aQTGflruh8V3a0hB9k=",
      "dev": true
    },
    "eslint-import-resolver-node": {
      "version": "0.3.2",
      "resolved": "http://registry.npm.taobao.org/eslint-import-resolver-node/download/eslint-import-resolver-node-0.3.2.tgz",
      "integrity": "sha1-WPFfuDm40FdsqYBBNHaqskcttmo=",
      "dev": true,
      "requires": {
        "debug": "^2.6.9",
        "resolve": "^1.5.0"
      }
    },
    "eslint-module-utils": {
      "version": "2.4.0",
      "resolved": "http://registry.npm.taobao.org/eslint-module-utils/download/eslint-module-utils-2.4.0.tgz",
      "integrity": "sha1-i5NJnpsA6rgMy2YU5p8DZ46E4Jo=",
      "dev": true,
      "requires": {
        "debug": "^2.6.8",
        "pkg-dir": "^2.0.0"
      }
    },
    "eslint-plugin-es": {
      "version": "1.4.0",
      "resolved": "https://registry.npm.taobao.org/eslint-plugin-es/download/eslint-plugin-es-1.4.0.tgz",
      "integrity": "sha1-R19luyDJk/wQ6Mj+d9HWAGgHLaY=",
      "dev": true,
      "requires": {
        "eslint-utils": "^1.3.0",
        "regexpp": "^2.0.1"
      }
    },
    "eslint-plugin-import": {
      "version": "2.17.3",
      "resolved": "https://registry.npm.taobao.org/eslint-plugin-import/download/eslint-plugin-import-2.17.3.tgz",
      "integrity": "sha1-AFSLRDTBj666ugSySuYZjygN4Yk=",
      "dev": true,
      "requires": {
        "array-includes": "^3.0.3",
        "contains-path": "^0.1.0",
        "debug": "^2.6.9",
        "doctrine": "1.5.0",
        "eslint-import-resolver-node": "^0.3.2",
        "eslint-module-utils": "^2.4.0",
        "has": "^1.0.3",
        "lodash": "^4.17.11",
        "minimatch": "^3.0.4",
        "read-pkg-up": "^2.0.0",
        "resolve": "^1.11.0"
      }
    },
    "eslint-plugin-node": {
      "version": "9.1.0",
      "resolved": "https://registry.npm.taobao.org/eslint-plugin-node/download/eslint-plugin-node-9.1.0.tgz",
      "integrity": "sha1-8v2IUJox7GnbbpYG122rxa3BuRo=",
      "dev": true,
      "requires": {
        "eslint-plugin-es": "^1.4.0",
        "eslint-utils": "^1.3.1",
        "ignore": "^5.1.1",
        "minimatch": "^3.0.4",
        "resolve": "^1.10.1",
        "semver": "^6.1.0"
      },
      "dependencies": {
        "semver": {
          "version": "6.1.1",
          "resolved": "https://registry.npm.taobao.org/semver/download/semver-6.1.1.tgz?cache=0&sync_timestamp=1559063729249&other_urls=https%3A%2F%2Fregistry.npm.taobao.org%2Fsemver%2Fdownload%2Fsemver-6.1.1.tgz",
          "integrity": "sha1-U/U9qbMLIQPNTxXqs6GOy8shDJs=",
          "dev": true
        }
      }
    },
    "eslint-plugin-promise": {
      "version": "4.1.1",
      "resolved": "http://registry.npm.taobao.org/eslint-plugin-promise/download/eslint-plugin-promise-4.1.1.tgz",
      "integrity": "sha1-HgjLaLWyzYg5+NWGTHlvVtgnRts=",
      "dev": true
    },
    "eslint-plugin-standard": {
      "version": "4.0.0",
      "resolved": "http://registry.npm.taobao.org/eslint-plugin-standard/download/eslint-plugin-standard-4.0.0.tgz",
      "integrity": "sha1-+EW0UQnJnNkOd3lpQKNEVGyPa1w=",
      "dev": true
    },
    "eslint-scope": {
      "version": "4.0.3",
      "resolved": "http://registry.npm.taobao.org/eslint-scope/download/eslint-scope-4.0.3.tgz",
      "integrity": "sha1-ygODMxD2iJoyZHgaqC5j65z+eEg=",
      "dev": true,
      "requires": {
        "esrecurse": "^4.1.0",
        "estraverse": "^4.1.1"
      }
    },
    "eslint-utils": {
      "version": "1.3.1",
      "resolved": "http://registry.npm.taobao.org/eslint-utils/download/eslint-utils-1.3.1.tgz",
      "integrity": "sha1-moUbqJ7nxGA0b5fPiTnHKYgn5RI=",
      "dev": true
    },
    "eslint-visitor-keys": {
      "version": "1.0.0",
      "resolved": "http://registry.npm.taobao.org/eslint-visitor-keys/download/eslint-visitor-keys-1.0.0.tgz",
      "integrity": "sha1-PzGA+y4pEBdxastMnW1bXDSmqB0=",
      "dev": true
    },
    "esrecurse": {
      "version": "4.2.1",
      "resolved": "http://registry.npm.taobao.org/esrecurse/download/esrecurse-4.2.1.tgz",
      "integrity": "sha1-AHo7n9vCs7uH5IeeoZyS/b05Qs8=",
      "dev": true,
      "requires": {
        "estraverse": "^4.1.0"
      }
    },
    "estraverse": {
      "version": "4.2.0",
      "resolved": "http://registry.npm.taobao.org/estraverse/download/estraverse-4.2.0.tgz",
      "integrity": "sha1-De4/7TH81GlhjOc0IJn8GvoL2xM=",
      "dev": true
    },
    "esutils": {
      "version": "2.0.2",
      "resolved": "http://registry.npm.taobao.org/esutils/download/esutils-2.0.2.tgz",
      "integrity": "sha1-Cr9PHKpbyx96nYrMbepPqqBLrJs=",
      "dev": true
    },
    "find-up": {
      "version": "2.1.0",
      "resolved": "https://registry.npm.taobao.org/find-up/download/find-up-2.1.0.tgz?cache=0&other_urls=https%3A%2F%2Fregistry.npm.taobao.org%2Ffind-up%2Fdownload%2Ffind-up-2.1.0.tgz",
      "integrity": "sha1-RdG35QbHF93UgndaK3eSCjwMV6c=",
      "dev": true,
      "requires": {
        "locate-path": "^2.0.0"
      }
    },
    "function-bind": {
      "version": "1.1.1",
      "resolved": "http://registry.npm.taobao.org/function-bind/download/function-bind-1.1.1.tgz",
      "integrity": "sha1-pWiZ0+o8m6uHS7l3O3xe3pL0iV0=",
      "dev": true
    },
    "functional-red-black-tree": {
      "version": "1.0.1",
      "resolved": "http://registry.npm.taobao.org/functional-red-black-tree/download/functional-red-black-tree-1.0.1.tgz",
      "integrity": "sha1-GwqzvVU7Kg1jmdKcDj6gslIHgyc=",
      "dev": true
    },
    "graceful-fs": {
      "version": "4.1.15",
      "resolved": "http://registry.npm.taobao.org/graceful-fs/download/graceful-fs-4.1.15.tgz",
      "integrity": "sha1-/7cD4QZuig7qpMi4C6klPu77+wA=",
      "dev": true
    },
    "has": {
      "version": "1.0.3",
      "resolved": "http://registry.npm.taobao.org/has/download/has-1.0.3.tgz",
      "integrity": "sha1-ci18v8H2qoJB8W3YFOAR4fQeh5Y=",
      "dev": true,
      "requires": {
        "function-bind": "^1.1.1"
      }
    },
    "has-symbols": {
      "version": "1.0.0",
      "resolved": "http://registry.npm.taobao.org/has-symbols/download/has-symbols-1.0.0.tgz",
      "integrity": "sha1-uhqPGvKg/DllD1yFA2dwQSIGO0Q=",
      "dev": true
    },
    "hosted-git-info": {
      "version": "2.7.1",
      "resolved": "http://registry.npm.taobao.org/hosted-git-info/download/hosted-git-info-2.7.1.tgz",
      "integrity": "sha1-l/I2l3vW4SVAiTD/bePuxigewEc=",
      "dev": true
    },
    "ignore": {
      "version": "5.1.2",
      "resolved": "https://registry.npm.taobao.org/ignore/download/ignore-5.1.2.tgz?cache=0&other_urls=https%3A%2F%2Fregistry.npm.taobao.org%2Fignore%2Fdownload%2Fignore-5.1.2.tgz",
      "integrity": "sha1-4o5YTUOtfpL5aZUBnMQ7nhrElVg=",
      "dev": true
    },
    "is-arrayish": {
      "version": "0.2.1",
      "resolved": "http://registry.npm.taobao.org/is-arrayish/download/is-arrayish-0.2.1.tgz",
      "integrity": "sha1-d8mYQFJ6qOyxqLppe4BkWnqSap0=",
      "dev": true
    },
    "is-callable": {
      "version": "1.1.4",
      "resolved": "http://registry.npm.taobao.org/is-callable/download/is-callable-1.1.4.tgz",
      "integrity": "sha1-HhrfIZ4e62hNaR+dagX/DTCiTXU=",
      "dev": true
    },
    "is-date-object": {
      "version": "1.0.1",
      "resolved": "http://registry.npm.taobao.org/is-date-object/download/is-date-object-1.0.1.tgz",
      "integrity": "sha1-mqIOtq7rv/d/vTPnTKAbM1gdOhY=",
      "dev": true
    },
    "is-regex": {
      "version": "1.0.4",
      "resolved": "http://registry.npm.taobao.org/is-regex/download/is-regex-1.0.4.tgz",
      "integrity": "sha1-VRdIm1RwkbCTDglWVM7SXul+lJE=",
      "dev": true,
      "requires": {
        "has": "^1.0.1"
      }
    },
    "is-symbol": {
      "version": "1.0.2",
      "resolved": "http://registry.npm.taobao.org/is-symbol/download/is-symbol-1.0.2.tgz",
      "integrity": "sha1-oFX2rlcZLK7jKeeoYBGLSXqVDzg=",
      "dev": true,
      "requires": {
        "has-symbols": "^1.0.0"
      }
    },
    "isarray": {
      "version": "1.0.0",
      "resolved": "http://registry.npm.taobao.org/isarray/download/isarray-1.0.0.tgz",
      "integrity": "sha1-u5NdSFgsuhaMBoNJV6VKPgcSTxE=",
      "dev": true
    },
    "load-json-file": {
      "version": "2.0.0",
      "resolved": "https://registry.npm.taobao.org/load-json-file/download/load-json-file-2.0.0.tgz",
      "integrity": "sha1-eUfkIUmvgNaWy/eXvKq8/h/inKg=",
      "dev": true,
      "requires": {
        "graceful-fs": "^4.1.2",
        "parse-json": "^2.2.0",
        "pify": "^2.0.0",
        "strip-bom": "^3.0.0"
      }
    },
    "locate-path": {
      "version": "2.0.0",
      "resolved": "https://registry.npm.taobao.org/locate-path/download/locate-path-2.0.0.tgz",
      "integrity": "sha1-K1aLJl7slExtnA3pw9u7ygNUzY4=",
      "dev": true,
      "requires": {
        "p-locate": "^2.0.0",
        "path-exists": "^3.0.0"
      }
    },
    "lodash": {
      "version": "4.17.11",
      "resolved": "http://registry.npm.taobao.org/lodash/download/lodash-4.17.11.tgz",
      "integrity": "sha1-s56mIp72B+zYniyN8SU2iRysm40=",
      "dev": true
    },
    "lodash.unescape": {
      "version": "4.0.1",
      "resolved": "https://registry.npm.taobao.org/lodash.unescape/download/lodash.unescape-4.0.1.tgz",
      "integrity": "sha1-vyJJiGzlFM2hEvrpIYzcBlIR/Jw=",
      "dev": true
    },
    "minimatch": {
      "version": "3.0.4",
      "resolved": "http://registry.npm.taobao.org/minimatch/download/minimatch-3.0.4.tgz",
      "integrity": "sha1-UWbihkV/AzBgZL5Ul+jbsMPTIIM=",
      "dev": true,
      "requires": {
        "brace-expansion": "^1.1.7"
      }
    },
    "ms": {
      "version": "2.0.0",
      "resolved": "http://registry.npm.taobao.org/ms/download/ms-2.0.0.tgz",
      "integrity": "sha1-VgiurfwAvmwpAd9fmGF4jeDVl8g=",
      "dev": true
    },
    "normalize-package-data": {
      "version": "2.5.0",
      "resolved": "http://registry.npm.taobao.org/normalize-package-data/download/normalize-package-data-2.5.0.tgz",
      "integrity": "sha1-5m2xg4sgDB38IzIl0SyzZSDiNKg=",
      "dev": true,
      "requires": {
        "hosted-git-info": "^2.1.4",
        "resolve": "^1.10.0",
        "semver": "2 || 3 || 4 || 5",
        "validate-npm-package-license": "^3.0.1"
      }
    },
    "object-keys": {
      "version": "1.1.1",
      "resolved": "http://registry.npm.taobao.org/object-keys/download/object-keys-1.1.1.tgz",
      "integrity": "sha1-HEfyct8nfzsdrwYWd9nILiMixg4=",
      "dev": true
    },
    "p-limit": {
      "version": "1.3.0",
      "resolved": "http://registry.npm.taobao.org/p-limit/download/p-limit-1.3.0.tgz",
      "integrity": "sha1-uGvV8MJWkJEcdZD8v8IBDVSzzLg=",
      "dev": true,
      "requires": {
        "p-try": "^1.0.0"
      }
    },
    "p-locate": {
      "version": "2.0.0",
      "resolved": "http://registry.npm.taobao.org/p-locate/download/p-locate-2.0.0.tgz",
      "integrity": "sha1-IKAQOyIqcMj9OcwuWAaA893l7EM=",
      "dev": true,
      "requires": {
        "p-limit": "^1.1.0"
      }
    },
    "p-try": {
      "version": "1.0.0",
      "resolved": "http://registry.npm.taobao.org/p-try/download/p-try-1.0.0.tgz",
      "integrity": "sha1-y8ec26+P1CKOE/Yh8rGiN8GyB7M=",
      "dev": true
    },
    "parse-json": {
      "version": "2.2.0",
      "resolved": "http://registry.npm.taobao.org/parse-json/download/parse-json-2.2.0.tgz",
      "integrity": "sha1-9ID0BDTvgHQfhGkJn43qGPVaTck=",
      "dev": true,
      "requires": {
        "error-ex": "^1.2.0"
      }
    },
    "path-exists": {
      "version": "3.0.0",
      "resolved": "http://registry.npm.taobao.org/path-exists/download/path-exists-3.0.0.tgz",
      "integrity": "sha1-zg6+ql94yxiSXqfYENe1mwEP1RU=",
      "dev": true
    },
    "path-parse": {
      "version": "1.0.6",
      "resolved": "http://registry.npm.taobao.org/path-parse/download/path-parse-1.0.6.tgz",
      "integrity": "sha1-1i27VnlAXXLEc37FhgDp3c8G0kw=",
      "dev": true
    },
    "path-type": {
      "version": "2.0.0",
      "resolved": "http://registry.npm.taobao.org/path-type/download/path-type-2.0.0.tgz",
      "integrity": "sha1-8BLMuEFbcJb8LaoQVMPXI4lZTHM=",
      "dev": true,
      "requires": {
        "pify": "^2.0.0"
      }
    },
    "pify": {
      "version": "2.3.0",
      "resolved": "http://registry.npm.taobao.org/pify/download/pify-2.3.0.tgz",
      "integrity": "sha1-7RQaasBDqEnqWISY59yosVMw6Qw=",
      "dev": true
    },
    "pkg-dir": {
      "version": "2.0.0",
      "resolved": "https://registry.npm.taobao.org/pkg-dir/download/pkg-dir-2.0.0.tgz",
      "integrity": "sha1-9tXREJ4Z1j7fQo4L1X4Sd3YVM0s=",
      "dev": true,
      "requires": {
        "find-up": "^2.1.0"
      }
    },
    "read-pkg": {
      "version": "2.0.0",
      "resolved": "https://registry.npm.taobao.org/read-pkg/download/read-pkg-2.0.0.tgz",
      "integrity": "sha1-jvHAYjxqbbDcZxPEv6xGMysjaPg=",
      "dev": true,
      "requires": {
        "load-json-file": "^2.0.0",
        "normalize-package-data": "^2.3.2",
        "path-type": "^2.0.0"
      }
    },
    "read-pkg-up": {
      "version": "2.0.0",
      "resolved": "https://registry.npm.taobao.org/read-pkg-up/download/read-pkg-up-2.0.0.tgz",
      "integrity": "sha1-a3KoBImE4MQeeVEP1en6mbO1Sb4=",
      "dev": true,
      "requires": {
        "find-up": "^2.0.0",
        "read-pkg": "^2.0.0"
      }
    },
    "regexpp": {
      "version": "2.0.1",
      "resolved": "http://registry.npm.taobao.org/regexpp/download/regexpp-2.0.1.tgz",
      "integrity": "sha1-jRnTHPYySCtYkEn4KB+T28uk0H8=",
      "dev": true
    },
    "requireindex": {
      "version": "1.2.0",
      "resolved": "https://registry.npm.taobao.org/requireindex/download/requireindex-1.2.0.tgz",
      "integrity": "sha1-NGPNsi7hUZAmNapslTXU3pwu8e8=",
      "dev": true
    },
    "resolve": {
      "version": "1.11.1",
      "resolved": "https://registry.npm.taobao.org/resolve/download/resolve-1.11.1.tgz",
      "integrity": "sha1-6hDYEQN2mC/vV434/DC5rDCgej4=",
      "dev": true,
      "requires": {
        "path-parse": "^1.0.6"
      }
    },
    "semver": {
      "version": "5.5.0",
      "resolved": "https://registry.npm.taobao.org/semver/download/semver-5.5.0.tgz?cache=0&sync_timestamp=1559063729249&other_urls=https%3A%2F%2Fregistry.npm.taobao.org%2Fsemver%2Fdownload%2Fsemver-5.5.0.tgz",
      "integrity": "sha1-3Eu8emyp2Rbe5dQ1FvAJK1j3uKs=",
      "dev": true
    },
    "spdx-correct": {
      "version": "3.1.0",
      "resolved": "http://registry.npm.taobao.org/spdx-correct/download/spdx-correct-3.1.0.tgz",
      "integrity": "sha1-+4PlBERSaPFUsHTiGMh8ADzTHfQ=",
      "dev": true,
      "requires": {
        "spdx-expression-parse": "^3.0.0",
        "spdx-license-ids": "^3.0.0"
      }
    },
    "spdx-exceptions": {
      "version": "2.2.0",
      "resolved": "http://registry.npm.taobao.org/spdx-exceptions/download/spdx-exceptions-2.2.0.tgz",
      "integrity": "sha1-LqRQrudPKom/uUUZwH/Nb0EyKXc=",
      "dev": true
    },
    "spdx-expression-parse": {
      "version": "3.0.0",
      "resolved": "http://registry.npm.taobao.org/spdx-expression-parse/download/spdx-expression-parse-3.0.0.tgz",
      "integrity": "sha1-meEZt6XaAOBUkcn6M4t5BII7QdA=",
      "dev": true,
      "requires": {
        "spdx-exceptions": "^2.1.0",
        "spdx-license-ids": "^3.0.0"
      }
    },
    "spdx-license-ids": {
      "version": "3.0.4",
      "resolved": "http://registry.npm.taobao.org/spdx-license-ids/download/spdx-license-ids-3.0.4.tgz",
      "integrity": "sha1-dezRqI3owYTvAV6vtRtbSL/RG7E=",
      "dev": true
    },
    "strip-bom": {
      "version": "3.0.0",
      "resolved": "https://registry.npm.taobao.org/strip-bom/download/strip-bom-3.0.0.tgz?cache=0&other_urls=https%3A%2F%2Fregistry.npm.taobao.org%2Fstrip-bom%2Fdownload%2Fstrip-bom-3.0.0.tgz",
      "integrity": "sha1-IzTBjpx1n3vdVv3vfprj1YjmjtM=",
      "dev": true
    },
    "tapable": {
      "version": "1.1.3",
      "resolved": "http://registry.npm.taobao.org/tapable/download/tapable-1.1.3.tgz",
      "integrity": "sha1-ofzMBrWNth/XpF2i2kT186Pme6I=",
      "dev": true
    },
    "tslib": {
      "version": "1.9.3",
      "resolved": "http://registry.npm.taobao.org/tslib/download/tslib-1.9.3.tgz",
      "integrity": "sha1-1+TdeSRdhUKMTX5IIqeZF5VMooY=",
      "dev": true
    },
    "tsutils": {
      "version": "3.14.0",
      "resolved": "https://registry.npm.taobao.org/tsutils/download/tsutils-3.14.0.tgz",
      "integrity": "sha1-v41ae65TaTMfoPKwpaEL1/c5bHc=",
      "dev": true,
      "requires": {
        "tslib": "^1.8.1"
      }
    },
    "validate-npm-package-license": {
      "version": "3.0.4",
      "resolved": "http://registry.npm.taobao.org/validate-npm-package-license/download/validate-npm-package-license-3.0.4.tgz",
      "integrity": "sha1-/JH2uce6FchX9MssXe/uw51PQQo=",
      "dev": true,
      "requires": {
        "spdx-correct": "^3.0.0",
        "spdx-expression-parse": "^3.0.0"
      }
    }
  }
}
